
Microsoft Visual Studio Solution File, Format Version 12.00
# Visual Studio Version 17
VisualStudioVersion = 17.0.31611.283
MinimumVisualStudioVersion = 10.0.40219.1
Project("{9A19103F-16F7-4668-BE54-9A1E7A4F7556}") = "StudentDataAnalysatorMultiPlat", "StudentDataAnalysatorMultiPlat\StudentDataAnalysatorMultiPlat.csproj", "{744DA799-3BB5-4AB6-BA5C-DBD9A5CD3BBE}"
EndProject
Project("{FAE04EC0-301F-11D3-BF4B-00C04F79EFBC}") = "DatasetAnalysator", "DatasetAnalysator\DatasetAnalysator.csproj", "{1FD19394-947C-4E63-B228-D09E6C7F8737}"
EndProject
Project("{FAE04EC0-301F-11D3-BF4B-00C04F79EFBC}") = "DatasetAnalysatorTest", "DatasetAnalysatorTest\DatasetAnalysatorTest.csproj", "{EB61EF63-3EF5-40CF-92B2-F5CE1E370F61}"
EndProject
Global
	GlobalSection(SolutionConfigurationPlatforms) = preSolution
		Debug|Any CPU = Debug|Any CPU
		Release|Any CPU = Release|Any CPU
	EndGlobalSection
	GlobalSection(ProjectConfigurationPlatforms) = postSolution
		{744DA799-3BB5-4AB6-BA5C-DBD9A5CD3BBE}.Debug|Any CPU.ActiveCfg = Debug|Any CPU
		{744DA799-3BB5-4AB6-BA5C-DBD9A5CD3BBE}.Debug|Any CPU.Build.0 = Debug|Any CPU
		{744DA799-3BB5-4AB6-BA5C-DBD9A5CD3BBE}.Debug|Any CPU.Deploy.0 = Debug|Any CPU
		{744DA799-3BB5-4AB6-BA5C-DBD9A5CD3BBE}.Release|Any CPU.ActiveCfg = Release|Any CPU
		{744DA799-3BB5-4AB6-BA5C-DBD9A5CD3BBE}.Release|Any CPU.Build.0 = Release|Any CPU
		{744DA799-3BB5-4AB6-BA5C-DBD9A5CD3BBE}.Release|Any CPU.Deploy.0 = Release|Any CPU
		{1FD19394-947C-4E63-B228-D09E6C7F8737}.Debug|Any CPU.ActiveCfg = Debug|Any CPU
		{1FD19394-947C-4E63-B228-D09E6C7F8737}.Debug|Any CPU.Build.0 = Debug|Any CPU
		{1FD19394-947C-4E63-B228-D09E6C7F8737}.Release|Any CPU.ActiveCfg = Release|Any CPU
		{1FD19394-947C-4E63-B228-D09E6C7F8737}.Release|Any CPU.Build.0 = Release|Any CPU
		{EB61EF63-3EF5-40CF-92B2-F5CE1E370F61}.Debug|Any CPU.ActiveCfg = Debug|Any CPU
		{EB61EF63-3EF5-40CF-92B2-F5CE1E370F61}.Debug|Any CPU.Build.0 = Debug|Any CPU
		{EB61EF63-3EF5-40CF-92B2-F5CE1E370F61}.Release|Any CPU.ActiveCfg = Release|Any CPU
		{EB61EF63-3EF5-40CF-92B2-F5CE1E370F61}.Release|Any CPU.Build.0 = Release|Any CPU
	EndGlobalSection
	GlobalSection(SolutionProperties) = preSolution
		HideSolutionNode = FALSE
	EndGlobalSection
	GlobalSection(ExtensibilityGlobals) = postSolution
		SolutionGuid = {61F7FB11-1E47-470C-91E2-47F8143E1572}
	EndGlobalSection
EndGlobal
